
Microsoft Visual Studio Solution File, Format Version 12.00
# Visual Studio 15
VisualStudioVersion = 15.0.27703.2035
MinimumVisualStudioVersion = 10.0.40219.1
Project("{FAE04EC0-301F-11D3-BF4B-00C04F79EFBC}") = "CIS3342_Solution", "WebApplication1\CIS3342_Solution.csproj", "{66D9EFEA-6DB6-4E1D-84AA-AAD3586339E8}"
EndProject
Global
	GlobalSection(SolutionConfigurationPlatforms) = preSolution
		Debug|Any CPU = Debug|Any CPU
		Release|Any CPU = Release|Any CPU
	EndGlobalSection
	GlobalSection(ProjectConfigurationPlatforms) = postSolution
		{66D9EFEA-6DB6-4E1D-84AA-AAD3586339E8}.Debug|Any CPU.ActiveCfg = Debug|Any CPU
		{66D9EFEA-6DB6-4E1D-84AA-AAD3586339E8}.Debug|Any CPU.Build.0 = Debug|Any CPU
		{66D9EFEA-6DB6-4E1D-84AA-AAD3586339E8}.Release|Any CPU.ActiveCfg = Release|Any CPU
		{66D9EFEA-6DB6-4E1D-84AA-AAD3586339E8}.Release|Any CPU.Build.0 = Release|Any CPU
	EndGlobalSection
	GlobalSection(SolutionProperties) = preSolution
		HideSolutionNode = FALSE
	EndGlobalSection
	GlobalSection(ExtensibilityGlobals) = postSolution
		SolutionGuid = {4702AC2C-1390-45CB-8756-C781A46F3A70}
	EndGlobalSection
EndGlobal
